
Microsoft Visual Studio Solution File, Format Version 12.00
# Visual Studio 15
VisualStudioVersion = 15.0.28010.2050
MinimumVisualStudioVersion = 10.0.40219.1
Project("{8BC9CEB8-8B4A-11D0-8D11-00A0C91BC942}") = "Sandbox", "Sandbox\Sandbox.vcxproj", "{5B2D0823-6D25-469F-B6EE-C8BDC8585D64}"
EndProject
Project("{8BC9CEB8-8B4A-11D0-8D11-00A0C91BC942}") = "JMint", "JMint\JMint.vcxproj", "{3E4C0D09-4077-4B61-B452-EDD421415D1A}"
EndProject
Global
	GlobalSection(SolutionConfigurationPlatforms) = preSolution
		Debug|x64 = Debug|x64
		Release|x64 = Release|x64
	EndGlobalSection
	GlobalSection(ProjectConfigurationPlatforms) = postSolution
		{3E4C0D09-4077-4B61-B452-EDD421415D1A}.Debug|x64.ActiveCfg = Debug|x64
		{3E4C0D09-4077-4B61-B452-EDD421415D1A}.Debug|x64.Build.0 = Debug|x64
		{3E4C0D09-4077-4B61-B452-EDD421415D1A}.Release|x64.ActiveCfg = Release|x64
		{3E4C0D09-4077-4B61-B452-EDD421415D1A}.Release|x64.Build.0 = Release|x64
		{5B2D0823-6D25-469F-B6EE-C8BDC8585D64}.Debug|x64.ActiveCfg = Debug|x64
		{5B2D0823-6D25-469F-B6EE-C8BDC8585D64}.Debug|x64.Build.0 = Debug|x64
		{5B2D0823-6D25-469F-B6EE-C8BDC8585D64}.Release|x64.ActiveCfg = Release|x64
		{5B2D0823-6D25-469F-B6EE-C8BDC8585D64}.Release|x64.Build.0 = Release|x64
	EndGlobalSection
	GlobalSection(SolutionProperties) = preSolution
		HideSolutionNode = FALSE
	EndGlobalSection
	GlobalSection(ExtensibilityGlobals) = postSolution
		SolutionGuid = {A53F7DF9-73E0-4F7D-A141-0C2E84C8D9A6}
	EndGlobalSection
EndGlobal
